
Microsoft Visual Studio Solution File, Format Version 12.00
# Visual Studio 15
VisualStudioVersion = 15.0.26124.0
MinimumVisualStudioVersion = 15.0.26124.0
Project("{2150E333-8FDC-42A3-9474-1A3956D46DE8}") = "src", "src", "{19983429-FF37-424D-AE8A-7BA15FD9596B}"
EndProject
Project("{FAE04EC0-301F-11D3-BF4B-00C04F79EFBC}") = "Pixie.Tests", "src\Pixie.Tests\Pixie.Tests.csproj", "{255AB1AF-2635-4621-BDFE-9F6DC5022DF4}"
EndProject
Project("{FAE04EC0-301F-11D3-BF4B-00C04F79EFBC}") = "Pixie", "src\Pixie\Pixie.csproj", "{0601365B-F4BA-4C35-915C-D4971799641E}"
EndProject
Project("{FAE04EC0-301F-11D3-BF4B-00C04F79EFBC}") = "Pixie.Cmd", "src\Pixie.Cmd\Pixie.Cmd.csproj", "{1BA65BE3-68E4-4C52-9D5D-07128BB1E8C7}"
EndProject
Project("{FAE04EC0-301F-11D3-BF4B-00C04F79EFBC}") = "Linsi", "src\Linsi\Linsi.csproj", "{EF8B786D-8FF0-422B-AE52-1B750BFE9C35}"
EndProject
Project("{FAE04EC0-301F-11D3-BF4B-00C04F79EFBC}") = "Linsi.Tests", "src\Linsi.Tests\Linsi.Tests.csproj", "{690B9533-CCE2-4D87-9E24-C555B9065890}"
EndProject
Project("{FAE04EC0-301F-11D3-BF4B-00C04F79EFBC}") = "Pixie.Examples", "src\Pixie.Examples\Pixie.Examples.csproj", "{A8F73B6D-D8B0-4D71-88A1-1B60C88715B8}"
EndProject
Global
	GlobalSection(SolutionConfigurationPlatforms) = preSolution
		Debug|Any CPU = Debug|Any CPU
		Debug|x64 = Debug|x64
		Debug|x86 = Debug|x86
		Release|Any CPU = Release|Any CPU
		Release|x64 = Release|x64
		Release|x86 = Release|x86
	EndGlobalSection
	GlobalSection(SolutionProperties) = preSolution
		HideSolutionNode = FALSE
	EndGlobalSection
	GlobalSection(ProjectConfigurationPlatforms) = postSolution
		{255AB1AF-2635-4621-BDFE-9F6DC5022DF4}.Debug|Any CPU.ActiveCfg = Debug|Any CPU
		{255AB1AF-2635-4621-BDFE-9F6DC5022DF4}.Debug|Any CPU.Build.0 = Debug|Any CPU
		{255AB1AF-2635-4621-BDFE-9F6DC5022DF4}.Debug|x64.ActiveCfg = Debug|Any CPU
		{255AB1AF-2635-4621-BDFE-9F6DC5022DF4}.Debug|x64.Build.0 = Debug|Any CPU
		{255AB1AF-2635-4621-BDFE-9F6DC5022DF4}.Debug|x86.ActiveCfg = Debug|Any CPU
		{255AB1AF-2635-4621-BDFE-9F6DC5022DF4}.Debug|x86.Build.0 = Debug|Any CPU
		{255AB1AF-2635-4621-BDFE-9F6DC5022DF4}.Release|Any CPU.ActiveCfg = Release|Any CPU
		{255AB1AF-2635-4621-BDFE-9F6DC5022DF4}.Release|Any CPU.Build.0 = Release|Any CPU
		{255AB1AF-2635-4621-BDFE-9F6DC5022DF4}.Release|x64.ActiveCfg = Release|Any CPU
		{255AB1AF-2635-4621-BDFE-9F6DC5022DF4}.Release|x64.Build.0 = Release|Any CPU
		{255AB1AF-2635-4621-BDFE-9F6DC5022DF4}.Release|x86.ActiveCfg = Release|Any CPU
		{255AB1AF-2635-4621-BDFE-9F6DC5022DF4}.Release|x86.Build.0 = Release|Any CPU
		{0601365B-F4BA-4C35-915C-D4971799641E}.Debug|Any CPU.ActiveCfg = Debug|Any CPU
		{0601365B-F4BA-4C35-915C-D4971799641E}.Debug|Any CPU.Build.0 = Debug|Any CPU
		{0601365B-F4BA-4C35-915C-D4971799641E}.Debug|x64.ActiveCfg = Debug|Any CPU
		{0601365B-F4BA-4C35-915C-D4971799641E}.Debug|x64.Build.0 = Debug|Any CPU
		{0601365B-F4BA-4C35-915C-D4971799641E}.Debug|x86.ActiveCfg = Debug|Any CPU
		{0601365B-F4BA-4C35-915C-D4971799641E}.Debug|x86.Build.0 = Debug|Any CPU
		{0601365B-F4BA-4C35-915C-D4971799641E}.Release|Any CPU.ActiveCfg = Release|Any CPU
		{0601365B-F4BA-4C35-915C-D4971799641E}.Release|Any CPU.Build.0 = Release|Any CPU
		{0601365B-F4BA-4C35-915C-D4971799641E}.Release|x64.ActiveCfg = Release|Any CPU
		{0601365B-F4BA-4C35-915C-D4971799641E}.Release|x64.Build.0 = Release|Any CPU
		{0601365B-F4BA-4C35-915C-D4971799641E}.Release|x86.ActiveCfg = Release|Any CPU
		{0601365B-F4BA-4C35-915C-D4971799641E}.Release|x86.Build.0 = Release|Any CPU
		{1BA65BE3-68E4-4C52-9D5D-07128BB1E8C7}.Debug|Any CPU.ActiveCfg = Debug|Any CPU
		{1BA65BE3-68E4-4C52-9D5D-07128BB1E8C7}.Debug|Any CPU.Build.0 = Debug|Any CPU
		{1BA65BE3-68E4-4C52-9D5D-07128BB1E8C7}.Debug|x64.ActiveCfg = Debug|Any CPU
		{1BA65BE3-68E4-4C52-9D5D-07128BB1E8C7}.Debug|x64.Build.0 = Debug|Any CPU
		{1BA65BE3-68E4-4C52-9D5D-07128BB1E8C7}.Debug|x86.ActiveCfg = Debug|Any CPU
		{1BA65BE3-68E4-4C52-9D5D-07128BB1E8C7}.Debug|x86.Build.0 = Debug|Any CPU
		{1BA65BE3-68E4-4C52-9D5D-07128BB1E8C7}.Release|Any CPU.ActiveCfg = Release|Any CPU
		{1BA65BE3-68E4-4C52-9D5D-07128BB1E8C7}.Release|Any CPU.Build.0 = Release|Any CPU
		{1BA65BE3-68E4-4C52-9D5D-07128BB1E8C7}.Release|x64.ActiveCfg = Release|Any CPU
		{1BA65BE3-68E4-4C52-9D5D-07128BB1E8C7}.Release|x64.Build.0 = Release|Any CPU
		{1BA65BE3-68E4-4C52-9D5D-07128BB1E8C7}.Release|x86.ActiveCfg = Release|Any CPU
		{1BA65BE3-68E4-4C52-9D5D-07128BB1E8C7}.Release|x86.Build.0 = Release|Any CPU
		{EF8B786D-8FF0-422B-AE52-1B750BFE9C35}.Debug|Any CPU.ActiveCfg = Debug|Any CPU
		{EF8B786D-8FF0-422B-AE52-1B750BFE9C35}.Debug|Any CPU.Build.0 = Debug|Any CPU
		{EF8B786D-8FF0-422B-AE52-1B750BFE9C35}.Debug|x64.ActiveCfg = Debug|Any CPU
		{EF8B786D-8FF0-422B-AE52-1B750BFE9C35}.Debug|x64.Build.0 = Debug|Any CPU
		{EF8B786D-8FF0-422B-AE52-1B750BFE9C35}.Debug|x86.ActiveCfg = Debug|Any CPU
		{EF8B786D-8FF0-422B-AE52-1B750BFE9C35}.Debug|x86.Build.0 = Debug|Any CPU
		{EF8B786D-8FF0-422B-AE52-1B750BFE9C35}.Release|Any CPU.ActiveCfg = Release|Any CPU
		{EF8B786D-8FF0-422B-AE52-1B750BFE9C35}.Release|Any CPU.Build.0 = Release|Any CPU
		{EF8B786D-8FF0-422B-AE52-1B750BFE9C35}.Release|x64.ActiveCfg = Release|Any CPU
		{EF8B786D-8FF0-422B-AE52-1B750BFE9C35}.Release|x64.Build.0 = Release|Any CPU
		{EF8B786D-8FF0-422B-AE52-1B750BFE9C35}.Release|x86.ActiveCfg = Release|Any CPU
		{EF8B786D-8FF0-422B-AE52-1B750BFE9C35}.Release|x86.Build.0 = Release|Any CPU
		{690B9533-CCE2-4D87-9E24-C555B9065890}.Debug|Any CPU.ActiveCfg = Debug|Any CPU
		{690B9533-CCE2-4D87-9E24-C555B9065890}.Debug|Any CPU.Build.0 = Debug|Any CPU
		{690B9533-CCE2-4D87-9E24-C555B9065890}.Debug|x64.ActiveCfg = Debug|Any CPU
		{690B9533-CCE2-4D87-9E24-C555B9065890}.Debug|x64.Build.0 = Debug|Any CPU
		{690B9533-CCE2-4D87-9E24-C555B9065890}.Debug|x86.ActiveCfg = Debug|Any CPU
		{690B9533-CCE2-4D87-9E24-C555B9065890}.Debug|x86.Build.0 = Debug|Any CPU
		{690B9533-CCE2-4D87-9E24-C555B9065890}.Release|Any CPU.ActiveCfg = Release|Any CPU
		{690B9533-CCE2-4D87-9E24-C555B9065890}.Release|Any CPU.Build.0 = Release|Any CPU
		{690B9533-CCE2-4D87-9E24-C555B9065890}.Release|x64.ActiveCfg = Release|Any CPU
		{690B9533-CCE2-4D87-9E24-C555B9065890}.Release|x64.Build.0 = Release|Any CPU
		{690B9533-CCE2-4D87-9E24-C555B9065890}.Release|x86.ActiveCfg = Release|Any CPU
		{690B9533-CCE2-4D87-9E24-C555B9065890}.Release|x86.Build.0 = Release|Any CPU
		{A8F73B6D-D8B0-4D71-88A1-1B60C88715B8}.Debug|Any CPU.ActiveCfg = Debug|Any CPU
		{A8F73B6D-D8B0-4D71-88A1-1B60C88715B8}.Debug|Any CPU.Build.0 = Debug|Any CPU
		{A8F73B6D-D8B0-4D71-88A1-1B60C88715B8}.Debug|x64.ActiveCfg = Debug|Any CPU
		{A8F73B6D-D8B0-4D71-88A1-1B60C88715B8}.Debug|x64.Build.0 = Debug|Any CPU
		{A8F73B6D-D8B0-4D71-88A1-1B60C88715B8}.Debug|x86.ActiveCfg = Debug|Any CPU
		{A8F73B6D-D8B0-4D71-88A1-1B60C88715B8}.Debug|x86.Build.0 = Debug|Any CPU
		{A8F73B6D-D8B0-4D71-88A1-1B60C88715B8}.Release|Any CPU.ActiveCfg = Release|Any CPU
		{A8F73B6D-D8B0-4D71-88A1-1B60C88715B8}.Release|Any CPU.Build.0 = Release|Any CPU
		{A8F73B6D-D8B0-4D71-88A1-1B60C88715B8}.Release|x64.ActiveCfg = Release|Any CPU
		{A8F73B6D-D8B0-4D71-88A1-1B60C88715B8}.Release|x64.Build.0 = Release|Any CPU
		{A8F73B6D-D8B0-4D71-88A1-1B60C88715B8}.Release|x86.ActiveCfg = Release|Any CPU
		{A8F73B6D-D8B0-4D71-88A1-1B60C88715B8}.Release|x86.Build.0 = Release|Any CPU
	EndGlobalSection
	GlobalSection(NestedProjects) = preSolution
		{255AB1AF-2635-4621-BDFE-9F6DC5022DF4} = {19983429-FF37-424D-AE8A-7BA15FD9596B}
		{0601365B-F4BA-4C35-915C-D4971799641E} = {19983429-FF37-424D-AE8A-7BA15FD9596B}
		{1BA65BE3-68E4-4C52-9D5D-07128BB1E8C7} = {19983429-FF37-424D-AE8A-7BA15FD9596B}
		{EF8B786D-8FF0-422B-AE52-1B750BFE9C35} = {19983429-FF37-424D-AE8A-7BA15FD9596B}
		{690B9533-CCE2-4D87-9E24-C555B9065890} = {19983429-FF37-424D-AE8A-7BA15FD9596B}
		{A8F73B6D-D8B0-4D71-88A1-1B60C88715B8} = {19983429-FF37-424D-AE8A-7BA15FD9596B}
	EndGlobalSection
EndGlobal
