
Microsoft Visual Studio Solution File, Format Version 12.00
# Visual Studio 15
VisualStudioVersion = 15.0.26124.0
MinimumVisualStudioVersion = 15.0.26124.0
Project("{2150E333-8FDC-42A3-9474-1A3956D46DE8}") = "src", "src", "{1B0A1B10-F790-4C39-A586-D12B7619D77B}"
EndProject
Project("{FAE04EC0-301F-11D3-BF4B-00C04F79EFBC}") = "Pixie", "src\Pixie\Pixie.csproj", "{611F6D0D-D9C1-4C46-96F0-D8003D92B2F7}"
EndProject
Project("{FAE04EC0-301F-11D3-BF4B-00C04F79EFBC}") = "Pixie.Facts", "src\Pixie.Facts\Pixie.Facts.csproj", "{E026CBA0-9F92-4781-991F-367653F17AD7}"
EndProject
Global
	GlobalSection(SolutionConfigurationPlatforms) = preSolution
		Debug|Any CPU = Debug|Any CPU
		Debug|x64 = Debug|x64
		Debug|x86 = Debug|x86
		Release|Any CPU = Release|Any CPU
		Release|x64 = Release|x64
		Release|x86 = Release|x86
	EndGlobalSection
	GlobalSection(SolutionProperties) = preSolution
		HideSolutionNode = FALSE
	EndGlobalSection
	GlobalSection(ProjectConfigurationPlatforms) = postSolution
		{611F6D0D-D9C1-4C46-96F0-D8003D92B2F7}.Debug|Any CPU.ActiveCfg = Debug|Any CPU
		{611F6D0D-D9C1-4C46-96F0-D8003D92B2F7}.Debug|Any CPU.Build.0 = Debug|Any CPU
		{611F6D0D-D9C1-4C46-96F0-D8003D92B2F7}.Debug|x64.ActiveCfg = Debug|Any CPU
		{611F6D0D-D9C1-4C46-96F0-D8003D92B2F7}.Debug|x64.Build.0 = Debug|Any CPU
		{611F6D0D-D9C1-4C46-96F0-D8003D92B2F7}.Debug|x86.ActiveCfg = Debug|Any CPU
		{611F6D0D-D9C1-4C46-96F0-D8003D92B2F7}.Debug|x86.Build.0 = Debug|Any CPU
		{611F6D0D-D9C1-4C46-96F0-D8003D92B2F7}.Release|Any CPU.ActiveCfg = Release|Any CPU
		{611F6D0D-D9C1-4C46-96F0-D8003D92B2F7}.Release|Any CPU.Build.0 = Release|Any CPU
		{611F6D0D-D9C1-4C46-96F0-D8003D92B2F7}.Release|x64.ActiveCfg = Release|Any CPU
		{611F6D0D-D9C1-4C46-96F0-D8003D92B2F7}.Release|x64.Build.0 = Release|Any CPU
		{611F6D0D-D9C1-4C46-96F0-D8003D92B2F7}.Release|x86.ActiveCfg = Release|Any CPU
		{611F6D0D-D9C1-4C46-96F0-D8003D92B2F7}.Release|x86.Build.0 = Release|Any CPU
		{E026CBA0-9F92-4781-991F-367653F17AD7}.Debug|Any CPU.ActiveCfg = Debug|Any CPU
		{E026CBA0-9F92-4781-991F-367653F17AD7}.Debug|Any CPU.Build.0 = Debug|Any CPU
		{E026CBA0-9F92-4781-991F-367653F17AD7}.Debug|x64.ActiveCfg = Debug|Any CPU
		{E026CBA0-9F92-4781-991F-367653F17AD7}.Debug|x64.Build.0 = Debug|Any CPU
		{E026CBA0-9F92-4781-991F-367653F17AD7}.Debug|x86.ActiveCfg = Debug|Any CPU
		{E026CBA0-9F92-4781-991F-367653F17AD7}.Debug|x86.Build.0 = Debug|Any CPU
		{E026CBA0-9F92-4781-991F-367653F17AD7}.Release|Any CPU.ActiveCfg = Release|Any CPU
		{E026CBA0-9F92-4781-991F-367653F17AD7}.Release|Any CPU.Build.0 = Release|Any CPU
		{E026CBA0-9F92-4781-991F-367653F17AD7}.Release|x64.ActiveCfg = Release|Any CPU
		{E026CBA0-9F92-4781-991F-367653F17AD7}.Release|x64.Build.0 = Release|Any CPU
		{E026CBA0-9F92-4781-991F-367653F17AD7}.Release|x86.ActiveCfg = Release|Any CPU
		{E026CBA0-9F92-4781-991F-367653F17AD7}.Release|x86.Build.0 = Release|Any CPU
	EndGlobalSection
	GlobalSection(NestedProjects) = preSolution
		{611F6D0D-D9C1-4C46-96F0-D8003D92B2F7} = {1B0A1B10-F790-4C39-A586-D12B7619D77B}
		{E026CBA0-9F92-4781-991F-367653F17AD7} = {1B0A1B10-F790-4C39-A586-D12B7619D77B}
	EndGlobalSection
EndGlobal
