
Microsoft Visual Studio Solution File, Format Version 12.00
# Visual Studio 15
VisualStudioVersion = 15.0.26124.0
MinimumVisualStudioVersion = 15.0.26124.0
Project("{2150E333-8FDC-42A3-9474-1A3956D46DE8}") = "src", "src", "{19983429-FF37-424D-AE8A-7BA15FD9596B}"
EndProject
Project("{FAE04EC0-301F-11D3-BF4B-00C04F79EFBC}") = "Pixie.Tests", "src\Pixie.Tests\Pixie.Tests.csproj", "{255AB1AF-2635-4621-BDFE-9F6DC5022DF4}"
EndProject
Project("{FAE04EC0-301F-11D3-BF4B-00C04F79EFBC}") = "Pixie.Core", "src\Pixie.Core\Pixie.Core.csproj", "{0601365B-F4BA-4C35-915C-D4971799641E}"
EndProject
Global
	GlobalSection(SolutionConfigurationPlatforms) = preSolution
		Debug|Any CPU = Debug|Any CPU
		Debug|x64 = Debug|x64
		Debug|x86 = Debug|x86
		Release|Any CPU = Release|Any CPU
		Release|x64 = Release|x64
		Release|x86 = Release|x86
	EndGlobalSection
	GlobalSection(SolutionProperties) = preSolution
		HideSolutionNode = FALSE
	EndGlobalSection
	GlobalSection(ProjectConfigurationPlatforms) = postSolution
		{255AB1AF-2635-4621-BDFE-9F6DC5022DF4}.Debug|Any CPU.ActiveCfg = Debug|Any CPU
		{255AB1AF-2635-4621-BDFE-9F6DC5022DF4}.Debug|Any CPU.Build.0 = Debug|Any CPU
		{255AB1AF-2635-4621-BDFE-9F6DC5022DF4}.Debug|x64.ActiveCfg = Debug|Any CPU
		{255AB1AF-2635-4621-BDFE-9F6DC5022DF4}.Debug|x64.Build.0 = Debug|Any CPU
		{255AB1AF-2635-4621-BDFE-9F6DC5022DF4}.Debug|x86.ActiveCfg = Debug|Any CPU
		{255AB1AF-2635-4621-BDFE-9F6DC5022DF4}.Debug|x86.Build.0 = Debug|Any CPU
		{255AB1AF-2635-4621-BDFE-9F6DC5022DF4}.Release|Any CPU.ActiveCfg = Release|Any CPU
		{255AB1AF-2635-4621-BDFE-9F6DC5022DF4}.Release|Any CPU.Build.0 = Release|Any CPU
		{255AB1AF-2635-4621-BDFE-9F6DC5022DF4}.Release|x64.ActiveCfg = Release|Any CPU
		{255AB1AF-2635-4621-BDFE-9F6DC5022DF4}.Release|x64.Build.0 = Release|Any CPU
		{255AB1AF-2635-4621-BDFE-9F6DC5022DF4}.Release|x86.ActiveCfg = Release|Any CPU
		{255AB1AF-2635-4621-BDFE-9F6DC5022DF4}.Release|x86.Build.0 = Release|Any CPU
		{0601365B-F4BA-4C35-915C-D4971799641E}.Debug|Any CPU.ActiveCfg = Debug|Any CPU
		{0601365B-F4BA-4C35-915C-D4971799641E}.Debug|Any CPU.Build.0 = Debug|Any CPU
		{0601365B-F4BA-4C35-915C-D4971799641E}.Debug|x64.ActiveCfg = Debug|Any CPU
		{0601365B-F4BA-4C35-915C-D4971799641E}.Debug|x64.Build.0 = Debug|Any CPU
		{0601365B-F4BA-4C35-915C-D4971799641E}.Debug|x86.ActiveCfg = Debug|Any CPU
		{0601365B-F4BA-4C35-915C-D4971799641E}.Debug|x86.Build.0 = Debug|Any CPU
		{0601365B-F4BA-4C35-915C-D4971799641E}.Release|Any CPU.ActiveCfg = Release|Any CPU
		{0601365B-F4BA-4C35-915C-D4971799641E}.Release|Any CPU.Build.0 = Release|Any CPU
		{0601365B-F4BA-4C35-915C-D4971799641E}.Release|x64.ActiveCfg = Release|Any CPU
		{0601365B-F4BA-4C35-915C-D4971799641E}.Release|x64.Build.0 = Release|Any CPU
		{0601365B-F4BA-4C35-915C-D4971799641E}.Release|x86.ActiveCfg = Release|Any CPU
		{0601365B-F4BA-4C35-915C-D4971799641E}.Release|x86.Build.0 = Release|Any CPU
	EndGlobalSection
	GlobalSection(NestedProjects) = preSolution
		{255AB1AF-2635-4621-BDFE-9F6DC5022DF4} = {19983429-FF37-424D-AE8A-7BA15FD9596B}
		{0601365B-F4BA-4C35-915C-D4971799641E} = {19983429-FF37-424D-AE8A-7BA15FD9596B}
	EndGlobalSection
EndGlobal
